// !$*UTF8*$!
{
	archiveVersion = 1;
	classes = {
	};
	objectVersion = 46;
	objects = {

/* Begin PBXBuildFile section */
		1D60589B0D05DD56006BFB54 /* main.m in Sources */ = {isa = PBXBuildFile; fileRef = 29B97316FDCFA39411CA2CEA /* main.m */; };
		1D60589F0D05DD5A006BFB54 /* Foundation.framework in Frameworks */ = {isa = PBXBuildFile; fileRef = 1D30AB110D05D00D00671497 /* Foundation.framework */; };
		1DF5F4E00D08C38300B7A737 /* UIKit.framework in Frameworks */ = {isa = PBXBuildFile; fileRef = 1DF5F4DF0D08C38300B7A737 /* UIKit.framework */; };
		288765A50DF7441C002DB57D /* CoreGraphics.framework in Frameworks */ = {isa = PBXBuildFile; fileRef = 288765A40DF7441C002DB57D /* CoreGraphics.framework */; };
		B29E6A4C130FE2B9009A7A20 /* QuartzCore.framework in Frameworks */ = {isa = PBXBuildFile; fileRef = B29E6A4B130FE2B9009A7A20 /* QuartzCore.framework */; };
		B29E6B8D131092C1009A7A20 /* OpenGLES.framework in Frameworks */ = {isa = PBXBuildFile; fileRef = B29E6B8C131092C1009A7A20 /* OpenGLES.framework */; };
		B2F5D451133E261300340331 /* GameKit.framework in Frameworks */ = {isa = PBXBuildFile; fileRef = B2F5D450133E261300340331 /* GameKit.framework */; };
		BAE65A741C28452B00EEBDE1 /* Images.xcassets in Resources */ = {isa = PBXBuildFile; fileRef = BAE65A731C28452B00EEBDE1 /* Images.xcassets */; };
		BAE65A761C28454500EEBDE1 /* LaunchScreen.storyboard in Resources */ = {isa = PBXBuildFile; fileRef = BAE65A751C28454500EEBDE1 /* LaunchScreen.storyboard */; };
		BAE65AAD1C2848E100EEBDE1 /* GLGraph.mm in Sources */ = {isa = PBXBuildFile; fileRef = BAE65A851C2848E100EEBDE1 /* GLGraph.mm */; };
		BAE65AAE1C2848E100EEBDE1 /* GLNode.m in Sources */ = {isa = PBXBuildFile; fileRef = BAE65A871C2848E100EEBDE1 /* GLNode.m */; };
		BAE65AAF1C2848E100EEBDE1 /* GLPlot.mm in Sources */ = {isa = PBXBuildFile; fileRef = BAE65A891C2848E100EEBDE1 /* GLPlot.mm */; };
		BAE65AB01C2848E100EEBDE1 /* GLProgram.m in Sources */ = {isa = PBXBuildFile; fileRef = BAE65A8B1C2848E100EEBDE1 /* GLProgram.m */; };
		BAE65AB11C2848E100EEBDE1 /* GLSegment.mm in Sources */ = {isa = PBXBuildFile; fileRef = BAE65A8D1C2848E100EEBDE1 /* GLSegment.mm */; };
		BAE65AB21C2848E100EEBDE1 /* GLSprite.m in Sources */ = {isa = PBXBuildFile; fileRef = BAE65A8F1C2848E100EEBDE1 /* GLSprite.m */; };
		BAE65AB31C2848E100EEBDE1 /* GLTexture.m in Sources */ = {isa = PBXBuildFile; fileRef = BAE65A921C2848E100EEBDE1 /* GLTexture.m */; };
		BAE65AB41C2848E100EEBDE1 /* ShaderColor.fsh in Resources */ = {isa = PBXBuildFile; fileRef = BAE65A951C2848E100EEBDE1 /* ShaderColor.fsh */; };
		BAE65AB51C2848E100EEBDE1 /* ShaderColor.vsh in Resources */ = {isa = PBXBuildFile; fileRef = BAE65A961C2848E100EEBDE1 /* ShaderColor.vsh */; };
		BAE65AB61C2848E100EEBDE1 /* ShaderTexture.fsh in Resources */ = {isa = PBXBuildFile; fileRef = BAE65A971C2848E100EEBDE1 /* ShaderTexture.fsh */; };
		BAE65AB71C2848E100EEBDE1 /* ShaderTexture.vsh in Resources */ = {isa = PBXBuildFile; fileRef = BAE65A981C2848E100EEBDE1 /* ShaderTexture.vsh */; };
		BAE65AB81C2848E100EEBDE1 /* ShaderUniformColor.fsh in Resources */ = {isa = PBXBuildFile; fileRef = BAE65A991C2848E100EEBDE1 /* ShaderUniformColor.fsh */; };
		BAE65AB91C2848E100EEBDE1 /* ShaderUniformColor.vsh in Resources */ = {isa = PBXBuildFile; fileRef = BAE65A9A1C2848E100EEBDE1 /* ShaderUniformColor.vsh */; };
		BAE65ABA1C2848E100EEBDE1 /* GLGraphViewController.m in Sources */ = {isa = PBXBuildFile; fileRef = BAE65A9D1C2848E100EEBDE1 /* GLGraphViewController.m */; };
		BAE65ABB1C2848E100EEBDE1 /* GLGraphViewSelection.m in Sources */ = {isa = PBXBuildFile; fileRef = BAE65A9F1C2848E100EEBDE1 /* GLGraphViewSelection.m */; };
		BAE65ABC1C2848E100EEBDE1 /* GLGraphViewSelectionSettingsViewController.m in Sources */ = {isa = PBXBuildFile; fileRef = BAE65AA11C2848E100EEBDE1 /* GLGraphViewSelectionSettingsViewController.m */; };
		BAE65ABD1C2848E100EEBDE1 /* ColorPickerViewController.m in Sources */ = {isa = PBXBuildFile; fileRef = BAE65AA41C2848E100EEBDE1 /* ColorPickerViewController.m */; };
		BAE65ABE1C2848E100EEBDE1 /* GLGraphPlotEditViewController.m in Sources */ = {isa = PBXBuildFile; fileRef = BAE65AA61C2848E100EEBDE1 /* GLGraphPlotEditViewController.m */; };
		BAE65ABF1C2848E100EEBDE1 /* GLGraphSelectionEditViewController.m in Sources */ = {isa = PBXBuildFile; fileRef = BAE65AA81C2848E100EEBDE1 /* GLGraphSelectionEditViewController.m */; };
		BAE65AC01C2848E100EEBDE1 /* UITextFieldCell.m in Sources */ = {isa = PBXBuildFile; fileRef = BAE65AAA1C2848E100EEBDE1 /* UITextFieldCell.m */; };
		BAE65AC11C2848E100EEBDE1 /* UITextViewCell.m in Sources */ = {isa = PBXBuildFile; fileRef = BAE65AAC1C2848E100EEBDE1 /* UITextViewCell.m */; };
		BAE65AF91C2848FF00EEBDE1 /* HRBrightnessCursor.m in Sources */ = {isa = PBXBuildFile; fileRef = BAE65AC81C2848FF00EEBDE1 /* HRBrightnessCursor.m */; };
		BAE65AFA1C2848FF00EEBDE1 /* HRBrightnessSlider.m in Sources */ = {isa = PBXBuildFile; fileRef = BAE65ACA1C2848FF00EEBDE1 /* HRBrightnessSlider.m */; };
		BAE65AFB1C2848FF00EEBDE1 /* HRColorCursor.m in Sources */ = {isa = PBXBuildFile; fileRef = BAE65ACC1C2848FF00EEBDE1 /* HRColorCursor.m */; };
		BAE65AFC1C2848FF00EEBDE1 /* HRColorInfoView.m in Sources */ = {isa = PBXBuildFile; fileRef = BAE65ACE1C2848FF00EEBDE1 /* HRColorInfoView.m */; };
		BAE65AFD1C2848FF00EEBDE1 /* HRColorMapView.m in Sources */ = {isa = PBXBuildFile; fileRef = BAE65AD01C2848FF00EEBDE1 /* HRColorMapView.m */; };
		BAE65AFE1C2848FF00EEBDE1 /* HRColorPickerView.m in Sources */ = {isa = PBXBuildFile; fileRef = BAE65AD21C2848FF00EEBDE1 /* HRColorPickerView.m */; };
		BAE65AFF1C2848FF00EEBDE1 /* HRHSVColorUtil.m in Sources */ = {isa = PBXBuildFile; fileRef = BAE65AD41C2848FF00EEBDE1 /* HRHSVColorUtil.m */; };
		BAE65B001C2848FF00EEBDE1 /* UIImage+CoreGraphics.m in Sources */ = {isa = PBXBuildFile; fileRef = BAE65AD61C2848FF00EEBDE1 /* UIImage+CoreGraphics.m */; };
		E419F54C19CA1B6500ABBACE /* libz.dylib in Frameworks */ = {isa = PBXBuildFile; fileRef = E419F54B19CA1B6500ABBACE /* libz.dylib */; };
		E4A04D0618F840A7007E265B /* GLKit.framework in Frameworks */ = {isa = PBXBuildFile; fileRef = E4A04D0518F840A7007E265B /* GLKit.framework */; };
		E4B5661419C5F45600E1C3B5 /* Accel_Tests.m in Sources */ = {isa = PBXBuildFile; fileRef = E4B5661319C5F45600E1C3B5 /* Accel_Tests.m */; };
		E4C6308F18F70EFD000654CA /* AppDelegate.m in Sources */ = {isa = PBXBuildFile; fileRef = E4C6308E18F70EFD000654CA /* AppDelegate.m */; };
		E4C630BE18F72832000654CA /* CoreMotion.framework in Frameworks */ = {isa = PBXBuildFile; fileRef = E4C630BD18F72832000654CA /* CoreMotion.framework */; };
		E4D00E9819A9D72400B2EB35 /* GLPlotExampleViewController.m in Sources */ = {isa = PBXBuildFile; fileRef = E4D00E9719A9D72400B2EB35 /* GLPlotExampleViewController.m */; };
		E4F2505518F73AAF00507A71 /* AVFoundation.framework in Frameworks */ = {isa = PBXBuildFile; fileRef = E4F2505418F73AAF00507A71 /* AVFoundation.framework */; };
		E4F2505718F73AD400507A71 /* AudioToolbox.framework in Frameworks */ = {isa = PBXBuildFile; fileRef = E4F2505618F73AD400507A71 /* AudioToolbox.framework */; };
		E4F2505B18F73DFE00507A71 /* MapKit.framework in Frameworks */ = {isa = PBXBuildFile; fileRef = E4F2505A18F73DFE00507A71 /* MapKit.framework */; };
		E4F2505D18F73E9500507A71 /* CoreLocation.framework in Frameworks */ = {isa = PBXBuildFile; fileRef = E4F2505C18F73E9500507A71 /* CoreLocation.framework */; };
		E4FE33C319D08C7D006EF4F3 /* Accelerate.framework in Frameworks */ = {isa = PBXBuildFile; fileRef = E4FE33C219D08C7D006EF4F3 /* Accelerate.framework */; };
/* End PBXBuildFile section */

/* Begin PBXContainerItemProxy section */
		E4B5661519C5F45600E1C3B5 /* PBXContainerItemProxy */ = {
			isa = PBXContainerItemProxy;
			containerPortal = 29B97313FDCFA39411CA2CEA /* Project object */;
			proxyType = 1;
			remoteGlobalIDString = 1D6058900D05DD3D006BFB54;
			remoteInfo = Accel;
		};
/* End PBXContainerItemProxy section */

/* Begin PBXFileReference section */
		1D30AB110D05D00D00671497 /* Foundation.framework */ = {isa = PBXFileReference; lastKnownFileType = wrapper.framework; name = Foundation.framework; path = System/Library/Frameworks/Foundation.framework; sourceTree = SDKROOT; };
		1D6058910D05DD3D006BFB54 /* GLPlotExample.app */ = {isa = PBXFileReference; explicitFileType = wrapper.application; includeInIndex = 0; path = GLPlotExample.app; sourceTree = BUILT_PRODUCTS_DIR; };
		1DF5F4DF0D08C38300B7A737 /* UIKit.framework */ = {isa = PBXFileReference; lastKnownFileType = wrapper.framework; name = UIKit.framework; path = System/Library/Frameworks/UIKit.framework; sourceTree = SDKROOT; };
		288765A40DF7441C002DB57D /* CoreGraphics.framework */ = {isa = PBXFileReference; lastKnownFileType = wrapper.framework; name = CoreGraphics.framework; path = System/Library/Frameworks/CoreGraphics.framework; sourceTree = SDKROOT; };
		29B97316FDCFA39411CA2CEA /* main.m */ = {isa = PBXFileReference; fileEncoding = 4; lastKnownFileType = sourcecode.c.objc; path = main.m; sourceTree = "<group>"; };
		32CA4F630368D1EE00C91783 /* GLPlotExample_Prefix.pch */ = {isa = PBXFileReference; fileEncoding = 4; lastKnownFileType = sourcecode.c.h; path = GLPlotExample_Prefix.pch; sourceTree = "<group>"; };
		A1D2948019D760EC009EB4B6 /* Info.plist */ = {isa = PBXFileReference; lastKnownFileType = text.plist.xml; path = Info.plist; sourceTree = "<group>"; };
		B271450814CC70E200B602EA /* Info.plist */ = {isa = PBXFileReference; fileEncoding = 4; lastKnownFileType = text.plist.xml; path = Info.plist; sourceTree = "<group>"; };
		B29E6A4B130FE2B9009A7A20 /* QuartzCore.framework */ = {isa = PBXFileReference; lastKnownFileType = wrapper.framework; name = QuartzCore.framework; path = System/Library/Frameworks/QuartzCore.framework; sourceTree = SDKROOT; };
		B29E6B8C131092C1009A7A20 /* OpenGLES.framework */ = {isa = PBXFileReference; lastKnownFileType = wrapper.framework; name = OpenGLES.framework; path = System/Library/Frameworks/OpenGLES.framework; sourceTree = SDKROOT; };
		B2F5D450133E261300340331 /* GameKit.framework */ = {isa = PBXFileReference; lastKnownFileType = wrapper.framework; name = GameKit.framework; path = System/Library/Frameworks/GameKit.framework; sourceTree = SDKROOT; };
		BAE65A731C28452B00EEBDE1 /* Images.xcassets */ = {isa = PBXFileReference; lastKnownFileType = folder.assetcatalog; name = Images.xcassets; path = GLPlotExample/Images.xcassets; sourceTree = "<group>"; };
		BAE65A751C28454500EEBDE1 /* LaunchScreen.storyboard */ = {isa = PBXFileReference; fileEncoding = 4; lastKnownFileType = file.storyboard; path = LaunchScreen.storyboard; sourceTree = "<group>"; };
		BAE65A821C2848E100EEBDE1 /* ConstantsAndMacros.h */ = {isa = PBXFileReference; fileEncoding = 4; lastKnownFileType = sourcecode.c.h; path = ConstantsAndMacros.h; sourceTree = "<group>"; };
		BAE65A831C2848E100EEBDE1 /* GLCommon.h */ = {isa = PBXFileReference; fileEncoding = 4; lastKnownFileType = sourcecode.c.h; path = GLCommon.h; sourceTree = "<group>"; };
		BAE65A841C2848E100EEBDE1 /* GLGraph.h */ = {isa = PBXFileReference; fileEncoding = 4; lastKnownFileType = sourcecode.c.h; path = GLGraph.h; sourceTree = "<group>"; };
		BAE65A851C2848E100EEBDE1 /* GLGraph.mm */ = {isa = PBXFileReference; fileEncoding = 4; lastKnownFileType = sourcecode.cpp.objcpp; path = GLGraph.mm; sourceTree = "<group>"; };
		BAE65A861C2848E100EEBDE1 /* GLNode.h */ = {isa = PBXFileReference; fileEncoding = 4; lastKnownFileType = sourcecode.c.h; path = GLNode.h; sourceTree = "<group>"; };
		BAE65A871C2848E100EEBDE1 /* GLNode.m */ = {isa = PBXFileReference; fileEncoding = 4; lastKnownFileType = sourcecode.c.objc; path = GLNode.m; sourceTree = "<group>"; };
		BAE65A881C2848E100EEBDE1 /* GLPlot.h */ = {isa = PBXFileReference; fileEncoding = 4; lastKnownFileType = sourcecode.c.h; path = GLPlot.h; sourceTree = "<group>"; };
		BAE65A891C2848E100EEBDE1 /* GLPlot.mm */ = {isa = PBXFileReference; fileEncoding = 4; lastKnownFileType = sourcecode.cpp.objcpp; path = GLPlot.mm; sourceTree = "<group>"; };
		BAE65A8A1C2848E100EEBDE1 /* GLProgram.h */ = {isa = PBXFileReference; fileEncoding = 4; lastKnownFileType = sourcecode.c.h; path = GLProgram.h; sourceTree = "<group>"; };
		BAE65A8B1C2848E100EEBDE1 /* GLProgram.m */ = {isa = PBXFileReference; fileEncoding = 4; lastKnownFileType = sourcecode.c.objc; path = GLProgram.m; sourceTree = "<group>"; };
		BAE65A8C1C2848E100EEBDE1 /* GLSegment.h */ = {isa = PBXFileReference; fileEncoding = 4; lastKnownFileType = sourcecode.c.h; path = GLSegment.h; sourceTree = "<group>"; };
		BAE65A8D1C2848E100EEBDE1 /* GLSegment.mm */ = {isa = PBXFileReference; fileEncoding = 4; lastKnownFileType = sourcecode.cpp.objcpp; path = GLSegment.mm; sourceTree = "<group>"; };
		BAE65A8E1C2848E100EEBDE1 /* GLSprite.h */ = {isa = PBXFileReference; fileEncoding = 4; lastKnownFileType = sourcecode.c.h; path = GLSprite.h; sourceTree = "<group>"; };
		BAE65A8F1C2848E100EEBDE1 /* GLSprite.m */ = {isa = PBXFileReference; fileEncoding = 4; lastKnownFileType = sourcecode.c.objc; path = GLSprite.m; sourceTree = "<group>"; };
		BAE65A901C2848E100EEBDE1 /* GLStructs.h */ = {isa = PBXFileReference; fileEncoding = 4; lastKnownFileType = sourcecode.c.h; path = GLStructs.h; sourceTree = "<group>"; };
		BAE65A911C2848E100EEBDE1 /* GLTexture.h */ = {isa = PBXFileReference; fileEncoding = 4; lastKnownFileType = sourcecode.c.h; path = GLTexture.h; sourceTree = "<group>"; };
		BAE65A921C2848E100EEBDE1 /* GLTexture.m */ = {isa = PBXFileReference; fileEncoding = 4; lastKnownFileType = sourcecode.c.objc; path = GLTexture.m; sourceTree = "<group>"; };
		BAE65A931C2848E100EEBDE1 /* OpenGLCommon.h */ = {isa = PBXFileReference; fileEncoding = 4; lastKnownFileType = sourcecode.c.h; path = OpenGLCommon.h; sourceTree = "<group>"; };
		BAE65A951C2848E100EEBDE1 /* ShaderColor.fsh */ = {isa = PBXFileReference; fileEncoding = 4; lastKnownFileType = sourcecode.glsl; path = ShaderColor.fsh; sourceTree = "<group>"; };
		BAE65A961C2848E100EEBDE1 /* ShaderColor.vsh */ = {isa = PBXFileReference; fileEncoding = 4; lastKnownFileType = sourcecode.glsl; path = ShaderColor.vsh; sourceTree = "<group>"; };
		BAE65A971C2848E100EEBDE1 /* ShaderTexture.fsh */ = {isa = PBXFileReference; fileEncoding = 4; lastKnownFileType = sourcecode.glsl; path = ShaderTexture.fsh; sourceTree = "<group>"; };
		BAE65A981C2848E100EEBDE1 /* ShaderTexture.vsh */ = {isa = PBXFileReference; fileEncoding = 4; lastKnownFileType = sourcecode.glsl; path = ShaderTexture.vsh; sourceTree = "<group>"; };
		BAE65A991C2848E100EEBDE1 /* ShaderUniformColor.fsh */ = {isa = PBXFileReference; fileEncoding = 4; lastKnownFileType = sourcecode.glsl; path = ShaderUniformColor.fsh; sourceTree = "<group>"; };
		BAE65A9A1C2848E100EEBDE1 /* ShaderUniformColor.vsh */ = {isa = PBXFileReference; fileEncoding = 4; lastKnownFileType = sourcecode.glsl; path = ShaderUniformColor.vsh; sourceTree = "<group>"; };
		BAE65A9B1C2848E100EEBDE1 /* SimplePointCalculation.h */ = {isa = PBXFileReference; fileEncoding = 4; lastKnownFileType = sourcecode.c.h; path = SimplePointCalculation.h; sourceTree = "<group>"; };
		BAE65A9C1C2848E100EEBDE1 /* GLGraphViewController.h */ = {isa = PBXFileReference; fileEncoding = 4; lastKnownFileType = sourcecode.c.h; path = GLGraphViewController.h; sourceTree = "<group>"; };
		BAE65A9D1C2848E100EEBDE1 /* GLGraphViewController.m */ = {isa = PBXFileReference; fileEncoding = 4; lastKnownFileType = sourcecode.c.objc; path = GLGraphViewController.m; sourceTree = "<group>"; };
		BAE65A9E1C2848E100EEBDE1 /* GLGraphViewSelection.h */ = {isa = PBXFileReference; fileEncoding = 4; lastKnownFileType = sourcecode.c.h; path = GLGraphViewSelection.h; sourceTree = "<group>"; };
		BAE65A9F1C2848E100EEBDE1 /* GLGraphViewSelection.m */ = {isa = PBXFileReference; fileEncoding = 4; lastKnownFileType = sourcecode.c.objc; path = GLGraphViewSelection.m; sourceTree = "<group>"; };
		BAE65AA01C2848E100EEBDE1 /* GLGraphViewSelectionSettingsViewController.h */ = {isa = PBXFileReference; fileEncoding = 4; lastKnownFileType = sourcecode.c.h; path = GLGraphViewSelectionSettingsViewController.h; sourceTree = "<group>"; };
		BAE65AA11C2848E100EEBDE1 /* GLGraphViewSelectionSettingsViewController.m */ = {isa = PBXFileReference; fileEncoding = 4; lastKnownFileType = sourcecode.c.objc; path = GLGraphViewSelectionSettingsViewController.m; sourceTree = "<group>"; };
		BAE65AA31C2848E100EEBDE1 /* ColorPickerViewController.h */ = {isa = PBXFileReference; fileEncoding = 4; lastKnownFileType = sourcecode.c.h; path = ColorPickerViewController.h; sourceTree = "<group>"; };
		BAE65AA41C2848E100EEBDE1 /* ColorPickerViewController.m */ = {isa = PBXFileReference; fileEncoding = 4; lastKnownFileType = sourcecode.c.objc; path = ColorPickerViewController.m; sourceTree = "<group>"; };
		BAE65AA51C2848E100EEBDE1 /* GLGraphPlotEditViewController.h */ = {isa = PBXFileReference; fileEncoding = 4; lastKnownFileType = sourcecode.c.h; path = GLGraphPlotEditViewController.h; sourceTree = "<group>"; };
		BAE65AA61C2848E100EEBDE1 /* GLGraphPlotEditViewController.m */ = {isa = PBXFileReference; fileEncoding = 4; lastKnownFileType = sourcecode.c.objc; path = GLGraphPlotEditViewController.m; sourceTree = "<group>"; };
		BAE65AA71C2848E100EEBDE1 /* GLGraphSelectionEditViewController.h */ = {isa = PBXFileReference; fileEncoding = 4; lastKnownFileType = sourcecode.c.h; path = GLGraphSelectionEditViewController.h; sourceTree = "<group>"; };
		BAE65AA81C2848E100EEBDE1 /* GLGraphSelectionEditViewController.m */ = {isa = PBXFileReference; fileEncoding = 4; lastKnownFileType = sourcecode.c.objc; path = GLGraphSelectionEditViewController.m; sourceTree = "<group>"; };
		BAE65AA91C2848E100EEBDE1 /* UITextFieldCell.h */ = {isa = PBXFileReference; fileEncoding = 4; lastKnownFileType = sourcecode.c.h; path = UITextFieldCell.h; sourceTree = "<group>"; };
		BAE65AAA1C2848E100EEBDE1 /* UITextFieldCell.m */ = {isa = PBXFileReference; fileEncoding = 4; lastKnownFileType = sourcecode.c.objc; path = UITextFieldCell.m; sourceTree = "<group>"; };
		BAE65AAB1C2848E100EEBDE1 /* UITextViewCell.h */ = {isa = PBXFileReference; fileEncoding = 4; lastKnownFileType = sourcecode.c.h; path = UITextViewCell.h; sourceTree = "<group>"; };
		BAE65AAC1C2848E100EEBDE1 /* UITextViewCell.m */ = {isa = PBXFileReference; fileEncoding = 4; lastKnownFileType = sourcecode.c.objc; path = UITextViewCell.m; sourceTree = "<group>"; };
		BAE65AC71C2848FF00EEBDE1 /* HRBrightnessCursor.h */ = {isa = PBXFileReference; fileEncoding = 4; lastKnownFileType = sourcecode.c.h; path = HRBrightnessCursor.h; sourceTree = "<group>"; };
		BAE65AC81C2848FF00EEBDE1 /* HRBrightnessCursor.m */ = {isa = PBXFileReference; fileEncoding = 4; lastKnownFileType = sourcecode.c.objc; path = HRBrightnessCursor.m; sourceTree = "<group>"; };
		BAE65AC91C2848FF00EEBDE1 /* HRBrightnessSlider.h */ = {isa = PBXFileReference; fileEncoding = 4; lastKnownFileType = sourcecode.c.h; path = HRBrightnessSlider.h; sourceTree = "<group>"; };
		BAE65ACA1C2848FF00EEBDE1 /* HRBrightnessSlider.m */ = {isa = PBXFileReference; fileEncoding = 4; lastKnownFileType = sourcecode.c.objc; path = HRBrightnessSlider.m; sourceTree = "<group>"; };
		BAE65ACB1C2848FF00EEBDE1 /* HRColorCursor.h */ = {isa = PBXFileReference; fileEncoding = 4; lastKnownFileType = sourcecode.c.h; path = HRColorCursor.h; sourceTree = "<group>"; };
		BAE65ACC1C2848FF00EEBDE1 /* HRColorCursor.m */ = {isa = PBXFileReference; fileEncoding = 4; lastKnownFileType = sourcecode.c.objc; path = HRColorCursor.m; sourceTree = "<group>"; };
		BAE65ACD1C2848FF00EEBDE1 /* HRColorInfoView.h */ = {isa = PBXFileReference; fileEncoding = 4; lastKnownFileType = sourcecode.c.h; path = HRColorInfoView.h; sourceTree = "<group>"; };
		BAE65ACE1C2848FF00EEBDE1 /* HRColorInfoView.m */ = {isa = PBXFileReference; fileEncoding = 4; lastKnownFileType = sourcecode.c.objc; path = HRColorInfoView.m; sourceTree = "<group>"; };
		BAE65ACF1C2848FF00EEBDE1 /* HRColorMapView.h */ = {isa = PBXFileReference; fileEncoding = 4; lastKnownFileType = sourcecode.c.h; path = HRColorMapView.h; sourceTree = "<group>"; };
		BAE65AD01C2848FF00EEBDE1 /* HRColorMapView.m */ = {isa = PBXFileReference; fileEncoding = 4; lastKnownFileType = sourcecode.c.objc; path = HRColorMapView.m; sourceTree = "<group>"; };
		BAE65AD11C2848FF00EEBDE1 /* HRColorPickerView.h */ = {isa = PBXFileReference; fileEncoding = 4; lastKnownFileType = sourcecode.c.h; path = HRColorPickerView.h; sourceTree = "<group>"; };
		BAE65AD21C2848FF00EEBDE1 /* HRColorPickerView.m */ = {isa = PBXFileReference; fileEncoding = 4; lastKnownFileType = sourcecode.c.objc; path = HRColorPickerView.m; sourceTree = "<group>"; };
		BAE65AD31C2848FF00EEBDE1 /* HRHSVColorUtil.h */ = {isa = PBXFileReference; fileEncoding = 4; lastKnownFileType = sourcecode.c.h; path = HRHSVColorUtil.h; sourceTree = "<group>"; };
		BAE65AD41C2848FF00EEBDE1 /* HRHSVColorUtil.m */ = {isa = PBXFileReference; fileEncoding = 4; lastKnownFileType = sourcecode.c.objc; path = HRHSVColorUtil.m; sourceTree = "<group>"; };
		BAE65AD51C2848FF00EEBDE1 /* UIImage+CoreGraphics.h */ = {isa = PBXFileReference; fileEncoding = 4; lastKnownFileType = sourcecode.c.h; path = "UIImage+CoreGraphics.h"; sourceTree = "<group>"; };
		BAE65AD61C2848FF00EEBDE1 /* UIImage+CoreGraphics.m */ = {isa = PBXFileReference; fileEncoding = 4; lastKnownFileType = sourcecode.c.objc; path = "UIImage+CoreGraphics.m"; sourceTree = "<group>"; };
		E419F54B19CA1B6500ABBACE /* libz.dylib */ = {isa = PBXFileReference; lastKnownFileType = "compiled.mach-o.dylib"; name = libz.dylib; path = usr/lib/libz.dylib; sourceTree = SDKROOT; };
		E4A04D0518F840A7007E265B /* GLKit.framework */ = {isa = PBXFileReference; lastKnownFileType = wrapper.framework; name = GLKit.framework; path = System/Library/Frameworks/GLKit.framework; sourceTree = SDKROOT; };
		E4B5660F19C5F45600E1C3B5 /* GLPlotExample.xctest */ = {isa = PBXFileReference; explicitFileType = wrapper.cfbundle; includeInIndex = 0; path = GLPlotExample.xctest; sourceTree = BUILT_PRODUCTS_DIR; };
		E4B5661219C5F45600E1C3B5 /* Info.plist */ = {isa = PBXFileReference; lastKnownFileType = text.plist.xml; path = Info.plist; sourceTree = "<group>"; };
		E4B5661319C5F45600E1C3B5 /* Accel_Tests.m */ = {isa = PBXFileReference; lastKnownFileType = sourcecode.c.objc; path = Accel_Tests.m; sourceTree = "<group>"; };
		E4BE5ECE19AA17EA00B93CC2 /* Todo_Fixme.sh */ = {isa = PBXFileReference; lastKnownFileType = text.script.sh; path = Todo_Fixme.sh; sourceTree = "<group>"; };
		E4C6308D18F70EFD000654CA /* AppDelegate.h */ = {isa = PBXFileReference; fileEncoding = 4; lastKnownFileType = sourcecode.c.h; path = AppDelegate.h; sourceTree = "<group>"; };
		E4C6308E18F70EFD000654CA /* AppDelegate.m */ = {isa = PBXFileReference; fileEncoding = 4; lastKnownFileType = sourcecode.c.objc; path = AppDelegate.m; sourceTree = "<group>"; };
		E4C630BD18F72832000654CA /* CoreMotion.framework */ = {isa = PBXFileReference; lastKnownFileType = wrapper.framework; name = CoreMotion.framework; path = System/Library/Frameworks/CoreMotion.framework; sourceTree = SDKROOT; };
		E4D00E9619A9D72400B2EB35 /* GLPlotExampleViewController.h */ = {isa = PBXFileReference; fileEncoding = 4; lastKnownFileType = sourcecode.c.h; path = GLPlotExampleViewController.h; sourceTree = "<group>"; };
		E4D00E9719A9D72400B2EB35 /* GLPlotExampleViewController.m */ = {isa = PBXFileReference; fileEncoding = 4; lastKnownFileType = sourcecode.c.objc; path = GLPlotExampleViewController.m; sourceTree = "<group>"; };
		E4F2505418F73AAF00507A71 /* AVFoundation.framework */ = {isa = PBXFileReference; lastKnownFileType = wrapper.framework; name = AVFoundation.framework; path = System/Library/Frameworks/AVFoundation.framework; sourceTree = SDKROOT; };
		E4F2505618F73AD400507A71 /* AudioToolbox.framework */ = {isa = PBXFileReference; lastKnownFileType = wrapper.framework; name = AudioToolbox.framework; path = System/Library/Frameworks/AudioToolbox.framework; sourceTree = SDKROOT; };
		E4F2505A18F73DFE00507A71 /* MapKit.framework */ = {isa = PBXFileReference; lastKnownFileType = wrapper.framework; name = MapKit.framework; path = System/Library/Frameworks/MapKit.framework; sourceTree = SDKROOT; };
		E4F2505C18F73E9500507A71 /* CoreLocation.framework */ = {isa = PBXFileReference; lastKnownFileType = wrapper.framework; name = CoreLocation.framework; path = System/Library/Frameworks/CoreLocation.framework; sourceTree = SDKROOT; };
		E4FE33C219D08C7D006EF4F3 /* Accelerate.framework */ = {isa = PBXFileReference; lastKnownFileType = wrapper.framework; name = Accelerate.framework; path = System/Library/Frameworks/Accelerate.framework; sourceTree = SDKROOT; };
/* End PBXFileReference section */

/* Begin PBXFrameworksBuildPhase section */
		1D60588F0D05DD3D006BFB54 /* Frameworks */ = {
			isa = PBXFrameworksBuildPhase;
			buildActionMask = 2147483647;
			files = (
				E4FE33C319D08C7D006EF4F3 /* Accelerate.framework in Frameworks */,
				E419F54C19CA1B6500ABBACE /* libz.dylib in Frameworks */,
				E4A04D0618F840A7007E265B /* GLKit.framework in Frameworks */,
				E4F2505D18F73E9500507A71 /* CoreLocation.framework in Frameworks */,
				E4F2505B18F73DFE00507A71 /* MapKit.framework in Frameworks */,
				E4F2505718F73AD400507A71 /* AudioToolbox.framework in Frameworks */,
				E4F2505518F73AAF00507A71 /* AVFoundation.framework in Frameworks */,
				E4C630BE18F72832000654CA /* CoreMotion.framework in Frameworks */,
				B2F5D451133E261300340331 /* GameKit.framework in Frameworks */,
				1D60589F0D05DD5A006BFB54 /* Foundation.framework in Frameworks */,
				1DF5F4E00D08C38300B7A737 /* UIKit.framework in Frameworks */,
				288765A50DF7441C002DB57D /* CoreGraphics.framework in Frameworks */,
				B29E6A4C130FE2B9009A7A20 /* QuartzCore.framework in Frameworks */,
				B29E6B8D131092C1009A7A20 /* OpenGLES.framework in Frameworks */,
			);
			runOnlyForDeploymentPostprocessing = 0;
		};
		E4B5660C19C5F45600E1C3B5 /* Frameworks */ = {
			isa = PBXFrameworksBuildPhase;
			buildActionMask = 2147483647;
			files = (
			);
			runOnlyForDeploymentPostprocessing = 0;
		};
/* End PBXFrameworksBuildPhase section */

/* Begin PBXGroup section */
		19C28FACFE9D520D11CA2CBB /* Products */ = {
			isa = PBXGroup;
			children = (
				1D6058910D05DD3D006BFB54 /* GLPlotExample.app */,
				E4B5660F19C5F45600E1C3B5 /* GLPlotExample.xctest */,
			);
			name = Products;
			sourceTree = "<group>";
		};
		29B97314FDCFA39411CA2CEA /* CustomTemplate */ = {
			isa = PBXGroup;
			children = (
				BAE65AC21C2848FF00EEBDE1 /* Submodules */,
				BAE65A801C2848E100EEBDE1 /* GLPlot */,
				BAE65A751C28454500EEBDE1 /* LaunchScreen.storyboard */,
				BAE65A731C28452B00EEBDE1 /* Images.xcassets */,
				E4BE5ECE19AA17EA00B93CC2 /* Todo_Fixme.sh */,
				E4DC6B8519A3EEDA00C20085 /* Submodules */,
				E4C6309018F70F07000654CA /* Classes */,
				E4C6308D18F70EFD000654CA /* AppDelegate.h */,
				E4C6308E18F70EFD000654CA /* AppDelegate.m */,
				B271450814CC70E200B602EA /* Info.plist */,
				29B97315FDCFA39411CA2CEA /* Other Sources */,
				E4B5661019C5F45600E1C3B5 /* Accel Tests */,
				A1D2947E19D760EC009EB4B6 /* AccelerometerReaderTests */,
				29B97323FDCFA39411CA2CEA /* Frameworks */,
				19C28FACFE9D520D11CA2CBB /* Products */,
			);
			name = CustomTemplate;
			sourceTree = "<group>";
		};
		29B97315FDCFA39411CA2CEA /* Other Sources */ = {
			isa = PBXGroup;
			children = (
				32CA4F630368D1EE00C91783 /* GLPlotExample_Prefix.pch */,
				29B97316FDCFA39411CA2CEA /* main.m */,
			);
			name = "Other Sources";
			sourceTree = "<group>";
		};
		29B97323FDCFA39411CA2CEA /* Frameworks */ = {
			isa = PBXGroup;
			children = (
				E4FE33C219D08C7D006EF4F3 /* Accelerate.framework */,
				E419F54B19CA1B6500ABBACE /* libz.dylib */,
				E4A04D0518F840A7007E265B /* GLKit.framework */,
				E4F2505C18F73E9500507A71 /* CoreLocation.framework */,
				E4F2505A18F73DFE00507A71 /* MapKit.framework */,
				E4F2505618F73AD400507A71 /* AudioToolbox.framework */,
				E4F2505418F73AAF00507A71 /* AVFoundation.framework */,
				E4C630BD18F72832000654CA /* CoreMotion.framework */,
				B2F5D450133E261300340331 /* GameKit.framework */,
				B29E6B8C131092C1009A7A20 /* OpenGLES.framework */,
				1DF5F4DF0D08C38300B7A737 /* UIKit.framework */,
				1D30AB110D05D00D00671497 /* Foundation.framework */,
				288765A40DF7441C002DB57D /* CoreGraphics.framework */,
				B29E6A4B130FE2B9009A7A20 /* QuartzCore.framework */,
			);
			name = Frameworks;
			sourceTree = "<group>";
		};
		A1D2947E19D760EC009EB4B6 /* AccelerometerReaderTests */ = {
			isa = PBXGroup;
			children = (
				A1D2947F19D760EC009EB4B6 /* Supporting Files */,
			);
			path = AccelerometerReaderTests;
			sourceTree = "<group>";
		};
		A1D2947F19D760EC009EB4B6 /* Supporting Files */ = {
			isa = PBXGroup;
			children = (
				A1D2948019D760EC009EB4B6 /* Info.plist */,
			);
			name = "Supporting Files";
			sourceTree = "<group>";
		};
		BAE65A801C2848E100EEBDE1 /* GLPlot */ = {
			isa = PBXGroup;
			children = (
				BAE65A811C2848E100EEBDE1 /* 3D */,
				BAE65A9C1C2848E100EEBDE1 /* GLGraphViewController.h */,
				BAE65A9D1C2848E100EEBDE1 /* GLGraphViewController.m */,
				BAE65A9E1C2848E100EEBDE1 /* GLGraphViewSelection.h */,
				BAE65A9F1C2848E100EEBDE1 /* GLGraphViewSelection.m */,
				BAE65AA01C2848E100EEBDE1 /* GLGraphViewSelectionSettingsViewController.h */,
				BAE65AA11C2848E100EEBDE1 /* GLGraphViewSelectionSettingsViewController.m */,
				BAE65AA21C2848E100EEBDE1 /* UI */,
			);
			name = GLPlot;
			path = ../GLPlot;
			sourceTree = "<group>";
		};
		BAE65A811C2848E100EEBDE1 /* 3D */ = {
			isa = PBXGroup;
			children = (
				BAE65A821C2848E100EEBDE1 /* ConstantsAndMacros.h */,
				BAE65A831C2848E100EEBDE1 /* GLCommon.h */,
				BAE65A841C2848E100EEBDE1 /* GLGraph.h */,
				BAE65A851C2848E100EEBDE1 /* GLGraph.mm */,
				BAE65A861C2848E100EEBDE1 /* GLNode.h */,
				BAE65A871C2848E100EEBDE1 /* GLNode.m */,
				BAE65A881C2848E100EEBDE1 /* GLPlot.h */,
				BAE65A891C2848E100EEBDE1 /* GLPlot.mm */,
				BAE65A8A1C2848E100EEBDE1 /* GLProgram.h */,
				BAE65A8B1C2848E100EEBDE1 /* GLProgram.m */,
				BAE65A8C1C2848E100EEBDE1 /* GLSegment.h */,
				BAE65A8D1C2848E100EEBDE1 /* GLSegment.mm */,
				BAE65A8E1C2848E100EEBDE1 /* GLSprite.h */,
				BAE65A8F1C2848E100EEBDE1 /* GLSprite.m */,
				BAE65A901C2848E100EEBDE1 /* GLStructs.h */,
				BAE65A911C2848E100EEBDE1 /* GLTexture.h */,
				BAE65A921C2848E100EEBDE1 /* GLTexture.m */,
				BAE65A931C2848E100EEBDE1 /* OpenGLCommon.h */,
				BAE65A941C2848E100EEBDE1 /* shaders */,
				BAE65A9B1C2848E100EEBDE1 /* SimplePointCalculation.h */,
			);
			path = 3D;
			sourceTree = "<group>";
		};
		BAE65A941C2848E100EEBDE1 /* shaders */ = {
			isa = PBXGroup;
			children = (
				BAE65A951C2848E100EEBDE1 /* ShaderColor.fsh */,
				BAE65A961C2848E100EEBDE1 /* ShaderColor.vsh */,
				BAE65A971C2848E100EEBDE1 /* ShaderTexture.fsh */,
				BAE65A981C2848E100EEBDE1 /* ShaderTexture.vsh */,
				BAE65A991C2848E100EEBDE1 /* ShaderUniformColor.fsh */,
				BAE65A9A1C2848E100EEBDE1 /* ShaderUniformColor.vsh */,
			);
			path = shaders;
			sourceTree = "<group>";
		};
		BAE65AA21C2848E100EEBDE1 /* UI */ = {
			isa = PBXGroup;
			children = (
				BAE65AA31C2848E100EEBDE1 /* ColorPickerViewController.h */,
				BAE65AA41C2848E100EEBDE1 /* ColorPickerViewController.m */,
				BAE65AA51C2848E100EEBDE1 /* GLGraphPlotEditViewController.h */,
				BAE65AA61C2848E100EEBDE1 /* GLGraphPlotEditViewController.m */,
				BAE65AA71C2848E100EEBDE1 /* GLGraphSelectionEditViewController.h */,
				BAE65AA81C2848E100EEBDE1 /* GLGraphSelectionEditViewController.m */,
				BAE65AA91C2848E100EEBDE1 /* UITextFieldCell.h */,
				BAE65AAA1C2848E100EEBDE1 /* UITextFieldCell.m */,
				BAE65AAB1C2848E100EEBDE1 /* UITextViewCell.h */,
				BAE65AAC1C2848E100EEBDE1 /* UITextViewCell.m */,
			);
			path = UI;
			sourceTree = "<group>";
		};
		BAE65AC21C2848FF00EEBDE1 /* Submodules */ = {
			isa = PBXGroup;
			children = (
				BAE65AC31C2848FF00EEBDE1 /* Color-Picker-for-iOS */,
			);
			name = Submodules;
			path = ../Submodules;
			sourceTree = "<group>";
		};
		BAE65AC31C2848FF00EEBDE1 /* Color-Picker-for-iOS */ = {
			isa = PBXGroup;
			children = (
				BAE65AC61C2848FF00EEBDE1 /* ColorPicker */,
			);
			path = "Color-Picker-for-iOS";
			sourceTree = "<group>";
		};
		BAE65AC61C2848FF00EEBDE1 /* ColorPicker */ = {
			isa = PBXGroup;
			children = (
				BAE65AC71C2848FF00EEBDE1 /* HRBrightnessCursor.h */,
				BAE65AC81C2848FF00EEBDE1 /* HRBrightnessCursor.m */,
				BAE65AC91C2848FF00EEBDE1 /* HRBrightnessSlider.h */,
				BAE65ACA1C2848FF00EEBDE1 /* HRBrightnessSlider.m */,
				BAE65ACB1C2848FF00EEBDE1 /* HRColorCursor.h */,
				BAE65ACC1C2848FF00EEBDE1 /* HRColorCursor.m */,
				BAE65ACD1C2848FF00EEBDE1 /* HRColorInfoView.h */,
				BAE65ACE1C2848FF00EEBDE1 /* HRColorInfoView.m */,
				BAE65ACF1C2848FF00EEBDE1 /* HRColorMapView.h */,
				BAE65AD01C2848FF00EEBDE1 /* HRColorMapView.m */,
				BAE65AD11C2848FF00EEBDE1 /* HRColorPickerView.h */,
				BAE65AD21C2848FF00EEBDE1 /* HRColorPickerView.m */,
				BAE65AD31C2848FF00EEBDE1 /* HRHSVColorUtil.h */,
				BAE65AD41C2848FF00EEBDE1 /* HRHSVColorUtil.m */,
				BAE65AD51C2848FF00EEBDE1 /* UIImage+CoreGraphics.h */,
				BAE65AD61C2848FF00EEBDE1 /* UIImage+CoreGraphics.m */,
			);
			path = ColorPicker;
			sourceTree = "<group>";
		};
		E4B5661019C5F45600E1C3B5 /* Accel Tests */ = {
			isa = PBXGroup;
			children = (
				E4B5661319C5F45600E1C3B5 /* Accel_Tests.m */,
				E4B5661119C5F45600E1C3B5 /* Supporting Files */,
			);
			path = "Accel Tests";
			sourceTree = "<group>";
		};
		E4B5661119C5F45600E1C3B5 /* Supporting Files */ = {
			isa = PBXGroup;
			children = (
				E4B5661219C5F45600E1C3B5 /* Info.plist */,
			);
			name = "Supporting Files";
			sourceTree = "<group>";
		};
		E4C6309018F70F07000654CA /* Classes */ = {
			isa = PBXGroup;
			children = (
				E4C6309818F70F07000654CA /* Controllers */,
			);
			path = Classes;
			sourceTree = "<group>";
		};
		E4C6309818F70F07000654CA /* Controllers */ = {
			isa = PBXGroup;
			children = (
				E4D00E9619A9D72400B2EB35 /* GLPlotExampleViewController.h */,
				E4D00E9719A9D72400B2EB35 /* GLPlotExampleViewController.m */,
			);
			path = Controllers;
			sourceTree = "<group>";
		};
		E4DC6B8519A3EEDA00C20085 /* Submodules */ = {
			isa = PBXGroup;
			children = (
			);
			path = Submodules;
			sourceTree = "<group>";
		};
/* End PBXGroup section */

/* Begin PBXNativeTarget section */
		1D6058900D05DD3D006BFB54 /* GLPlotExample */ = {
			isa = PBXNativeTarget;
			buildConfigurationList = 1D6058960D05DD3E006BFB54 /* Build configuration list for PBXNativeTarget "GLPlotExample" */;
			buildPhases = (
				1D60588D0D05DD3D006BFB54 /* Resources */,
				1D60588E0D05DD3D006BFB54 /* Sources */,
				1D60588F0D05DD3D006BFB54 /* Frameworks */,
				E42ABE7E19A9D59C00AC420A /* ShellScript */,
				E42C070919AE5F94004717AD /* ShellScript */,
			);
			buildRules = (
			);
			dependencies = (
			);
			name = GLPlotExample;
			productName = iGut;
			productReference = 1D6058910D05DD3D006BFB54 /* GLPlotExample.app */;
			productType = "com.apple.product-type.application";
		};
		E4B5660E19C5F45600E1C3B5 /* GLPlotExample Tests */ = {
			isa = PBXNativeTarget;
			buildConfigurationList = E4B5661919C5F45600E1C3B5 /* Build configuration list for PBXNativeTarget "GLPlotExample Tests" */;
			buildPhases = (
				E4B5660B19C5F45600E1C3B5 /* Sources */,
				E4B5660C19C5F45600E1C3B5 /* Frameworks */,
				E4B5660D19C5F45600E1C3B5 /* Resources */,
			);
			buildRules = (
			);
			dependencies = (
				E4B5661619C5F45600E1C3B5 /* PBXTargetDependency */,
			);
			name = "GLPlotExample Tests";
			productName = "Accel Tests";
			productReference = E4B5660F19C5F45600E1C3B5 /* GLPlotExample.xctest */;
			productType = "com.apple.product-type.bundle.unit-test";
		};
/* End PBXNativeTarget section */

/* Begin PBXProject section */
		29B97313FDCFA39411CA2CEA /* Project object */ = {
			isa = PBXProject;
			attributes = {
				LastUpgradeCheck = 0510;
				TargetAttributes = {
					1D6058900D05DD3D006BFB54 = {
						DevelopmentTeam = Q7NC4H2UHH;
						SystemCapabilities = {
							com.apple.BackgroundModes = {
								enabled = 1;
							};
						};
					};
					E4B5660E19C5F45600E1C3B5 = {
						CreatedOnToolsVersion = 6.0;
						TestTargetID = 1D6058900D05DD3D006BFB54;
					};
				};
			};
			buildConfigurationList = C01FCF4E08A954540054247B /* Build configuration list for PBXProject "GLPlotExample" */;
			compatibilityVersion = "Xcode 3.2";
			developmentRegion = English;
			hasScannedForEncodings = 1;
			knownRegions = (
				English,
				Japanese,
				French,
				German,
				en,
			);
			mainGroup = 29B97314FDCFA39411CA2CEA /* CustomTemplate */;
			projectDirPath = "";
			projectRoot = "";
			targets = (
				1D6058900D05DD3D006BFB54 /* GLPlotExample */,
				E4B5660E19C5F45600E1C3B5 /* GLPlotExample Tests */,
			);
		};
/* End PBXProject section */

/* Begin PBXResourcesBuildPhase section */
		1D60588D0D05DD3D006BFB54 /* Resources */ = {
			isa = PBXResourcesBuildPhase;
			buildActionMask = 2147483647;
			files = (
				BAE65AB41C2848E100EEBDE1 /* ShaderColor.fsh in Resources */,
				BAE65A761C28454500EEBDE1 /* LaunchScreen.storyboard in Resources */,
				BAE65AB61C2848E100EEBDE1 /* ShaderTexture.fsh in Resources */,
				BAE65AB81C2848E100EEBDE1 /* ShaderUniformColor.fsh in Resources */,
				BAE65AB71C2848E100EEBDE1 /* ShaderTexture.vsh in Resources */,
				BAE65A741C28452B00EEBDE1 /* Images.xcassets in Resources */,
				BAE65AB51C2848E100EEBDE1 /* ShaderColor.vsh in Resources */,
				BAE65AB91C2848E100EEBDE1 /* ShaderUniformColor.vsh in Resources */,
			);
			runOnlyForDeploymentPostprocessing = 0;
		};
		E4B5660D19C5F45600E1C3B5 /* Resources */ = {
			isa = PBXResourcesBuildPhase;
			buildActionMask = 2147483647;
			files = (
			);
			runOnlyForDeploymentPostprocessing = 0;
		};
/* End PBXResourcesBuildPhase section */

/* Begin PBXShellScriptBuildPhase section */
		E42ABE7E19A9D59C00AC420A /* ShellScript */ = {
			isa = PBXShellScriptBuildPhase;
			buildActionMask = 2147483647;
			files = (
			);
			inputPaths = (
			);
			outputPaths = (
			);
			runOnlyForDeploymentPostprocessing = 0;
			shellPath = /bin/sh;
			shellScript = ./Todo_Fixme.sh;
		};
		E42C070919AE5F94004717AD /* ShellScript */ = {
			isa = PBXShellScriptBuildPhase;
			buildActionMask = 2147483647;
			files = (
			);
			inputPaths = (
			);
			outputPaths = (
			);
			runOnlyForDeploymentPostprocessing = 0;
			shellPath = /bin/sh;
			shellScript = "#if [ ${CONFIGURATION} == \"Release\" ]; then\nAPPLEDOC_PATH=`which appledoc`\nif [ $APPLEDOC_PATH ]; then\n$APPLEDOC_PATH \\\n--project-name ${PRODUCT_NAME} \\\n--project-company \"Your Name\" \\\n--company-id \"com.yourcompany\" \\\n--output ${PRODUCT_NAME}Docs \\\n--keep-undocumented-objects \\\n--keep-undocumented-members \\\n--keep-intermediate-files \\\n--no-repeat-first-par \\\n--no-warn-invalid-crossref \\\n--exit-threshold 2 \\\n${PROJECT_DIR}/${PRODUCT_NAME}\nfi;\n#fi;";
		};
/* End PBXShellScriptBuildPhase section */

/* Begin PBXSourcesBuildPhase section */
		1D60588E0D05DD3D006BFB54 /* Sources */ = {
			isa = PBXSourcesBuildPhase;
			buildActionMask = 2147483647;
			files = (
				BAE65AB11C2848E100EEBDE1 /* GLSegment.mm in Sources */,
				BAE65AFF1C2848FF00EEBDE1 /* HRHSVColorUtil.m in Sources */,
				BAE65AAF1C2848E100EEBDE1 /* GLPlot.mm in Sources */,
				BAE65ABB1C2848E100EEBDE1 /* GLGraphViewSelection.m in Sources */,
				BAE65ABF1C2848E100EEBDE1 /* GLGraphSelectionEditViewController.m in Sources */,
				BAE65AC01C2848E100EEBDE1 /* UITextFieldCell.m in Sources */,
				BAE65AFB1C2848FF00EEBDE1 /* HRColorCursor.m in Sources */,
				BAE65AFA1C2848FF00EEBDE1 /* HRBrightnessSlider.m in Sources */,
				BAE65ABE1C2848E100EEBDE1 /* GLGraphPlotEditViewController.m in Sources */,
				BAE65AFC1C2848FF00EEBDE1 /* HRColorInfoView.m in Sources */,
				BAE65AB01C2848E100EEBDE1 /* GLProgram.m in Sources */,
				BAE65AFD1C2848FF00EEBDE1 /* HRColorMapView.m in Sources */,
				BAE65AAE1C2848E100EEBDE1 /* GLNode.m in Sources */,
				BAE65AC11C2848E100EEBDE1 /* UITextViewCell.m in Sources */,
				BAE65ABD1C2848E100EEBDE1 /* ColorPickerViewController.m in Sources */,
				BAE65ABA1C2848E100EEBDE1 /* GLGraphViewController.m in Sources */,
				BAE65AF91C2848FF00EEBDE1 /* HRBrightnessCursor.m in Sources */,
				BAE65AFE1C2848FF00EEBDE1 /* HRColorPickerView.m in Sources */,
				E4C6308F18F70EFD000654CA /* AppDelegate.m in Sources */,
				BAE65B001C2848FF00EEBDE1 /* UIImage+CoreGraphics.m in Sources */,
				BAE65ABC1C2848E100EEBDE1 /* GLGraphViewSelectionSettingsViewController.m in Sources */,
				1D60589B0D05DD56006BFB54 /* main.m in Sources */,
				BAE65AB21C2848E100EEBDE1 /* GLSprite.m in Sources */,
				E4D00E9819A9D72400B2EB35 /* GLPlotExampleViewController.m in Sources */,
				BAE65AB31C2848E100EEBDE1 /* GLTexture.m in Sources */,
				BAE65AAD1C2848E100EEBDE1 /* GLGraph.mm in Sources */,
			);
			runOnlyForDeploymentPostprocessing = 0;
		};
		E4B5660B19C5F45600E1C3B5 /* Sources */ = {
			isa = PBXSourcesBuildPhase;
			buildActionMask = 2147483647;
			files = (
				E4B5661419C5F45600E1C3B5 /* Accel_Tests.m in Sources */,
			);
			runOnlyForDeploymentPostprocessing = 0;
		};
/* End PBXSourcesBuildPhase section */

/* Begin PBXTargetDependency section */
		E4B5661619C5F45600E1C3B5 /* PBXTargetDependency */ = {
			isa = PBXTargetDependency;
			target = 1D6058900D05DD3D006BFB54 /* GLPlotExample */;
			targetProxy = E4B5661519C5F45600E1C3B5 /* PBXContainerItemProxy */;
		};
/* End PBXTargetDependency section */

/* Begin XCBuildConfiguration section */
		1D6058940D05DD3E006BFB54 /* Debug */ = {
			isa = XCBuildConfiguration;
			buildSettings = {
				ALWAYS_SEARCH_USER_PATHS = NO;
				ASSETCATALOG_COMPILER_APPICON_NAME = AppIcon;
				ASSETCATALOG_COMPILER_LAUNCHIMAGE_NAME = "Brand Assets";
				CLANG_ENABLE_OBJC_ARC = YES;
				CODE_SIGN_IDENTITY = "iPhone Developer";
				"CODE_SIGN_IDENTITY[sdk=iphoneos*]" = "iPhone Developer";
				COPY_PHASE_STRIP = NO;
				FRAMEWORK_SEARCH_PATHS = (
					"$(inherited)",
					"$(PROJECT_DIR)",
				);
				GCC_DYNAMIC_NO_PIC = NO;
				GCC_OPTIMIZATION_LEVEL = 0;
				GCC_PRECOMPILE_PREFIX_HEADER = YES;
				GCC_PREFIX_HEADER = GLPlotExample_Prefix.pch;
				GCC_VERSION = "";
				INFOPLIST_FILE = Info.plist;
				OTHER_CFLAGS = "-DDEBUG";
				PRODUCT_BUNDLE_IDENTIFIER = pl.appledevelop.glplot;
				PRODUCT_NAME = GLPlotExample;
				PROVISIONING_PROFILE = "";
				TARGETED_DEVICE_FAMILY = "1,2";
			};
			name = Debug;
		};
		1D6058950D05DD3E006BFB54 /* Release */ = {
			isa = XCBuildConfiguration;
			buildSettings = {
				ALWAYS_SEARCH_USER_PATHS = NO;
				ASSETCATALOG_COMPILER_APPICON_NAME = AppIcon;
				ASSETCATALOG_COMPILER_LAUNCHIMAGE_NAME = "Brand Assets";
				CLANG_ENABLE_OBJC_ARC = YES;
				CODE_SIGN_IDENTITY = "iPhone Developer";
				"CODE_SIGN_IDENTITY[sdk=iphoneos*]" = "iPhone Developer";
				COPY_PHASE_STRIP = YES;
				FRAMEWORK_SEARCH_PATHS = (
					"$(inherited)",
					"$(PROJECT_DIR)",
				);
				GCC_PRECOMPILE_PREFIX_HEADER = YES;
				GCC_PREFIX_HEADER = GLPlotExample_Prefix.pch;
				GCC_VERSION = "";
				INFOPLIST_FILE = Info.plist;
				PRODUCT_BUNDLE_IDENTIFIER = pl.appledevelop.glplot;
				PRODUCT_NAME = GLPlotExample;
				PROVISIONING_PROFILE = "";
				TARGETED_DEVICE_FAMILY = "1,2";
				VALIDATE_PRODUCT = YES;
			};
			name = Release;
		};
		C01FCF4F08A954540054247B /* Debug */ = {
			isa = XCBuildConfiguration;
			buildSettings = {
				GCC_C_LANGUAGE_STANDARD = c99;
				GCC_WARN_ABOUT_RETURN_TYPE = YES;
				GCC_WARN_UNUSED_VARIABLE = YES;
				IPHONEOS_DEPLOYMENT_TARGET = 6.1;
				ONLY_ACTIVE_ARCH = YES;
				PROVISIONING_PROFILE = "2067c5f2-4ede-4b5e-bc5c-63ce829a50d0";
				SDKROOT = iphoneos;
			};
			name = Debug;
		};
		C01FCF5008A954540054247B /* Release */ = {
			isa = XCBuildConfiguration;
			buildSettings = {
				GCC_C_LANGUAGE_STANDARD = c99;
				GCC_WARN_ABOUT_RETURN_TYPE = YES;
				GCC_WARN_UNUSED_VARIABLE = YES;
				IPHONEOS_DEPLOYMENT_TARGET = 6.1;
				OTHER_CFLAGS = "-DNS_BLOCK_ASSERTIONS=1";
				PROVISIONING_PROFILE = "2067c5f2-4ede-4b5e-bc5c-63ce829a50d0";
				SDKROOT = iphoneos;
			};
			name = Release;
		};
		E4B5661719C5F45600E1C3B5 /* Debug */ = {
			isa = XCBuildConfiguration;
			buildSettings = {
				ALWAYS_SEARCH_USER_PATHS = NO;
				CLANG_CXX_LANGUAGE_STANDARD = "gnu++0x";
				CLANG_CXX_LIBRARY = "libc++";
				CLANG_ENABLE_MODULES = YES;
				CLANG_ENABLE_OBJC_ARC = YES;
				CLANG_WARN_BOOL_CONVERSION = YES;
				CLANG_WARN_CONSTANT_CONVERSION = YES;
				CLANG_WARN_DIRECT_OBJC_ISA_USAGE = YES_ERROR;
				CLANG_WARN_EMPTY_BODY = YES;
				CLANG_WARN_ENUM_CONVERSION = YES;
				CLANG_WARN_INT_CONVERSION = YES;
				CLANG_WARN_OBJC_ROOT_CLASS = YES_ERROR;
				CLANG_WARN_UNREACHABLE_CODE = YES;
				CLANG_WARN__DUPLICATE_METHOD_MATCH = YES;
				CODE_SIGN_IDENTITY = "iPhone Developer";
				COPY_PHASE_STRIP = NO;
				ENABLE_STRICT_OBJC_MSGSEND = YES;
				FRAMEWORK_SEARCH_PATHS = (
					"$(SDKROOT)/Developer/Library/Frameworks",
					"$(inherited)",
				);
				GCC_C_LANGUAGE_STANDARD = gnu99;
				GCC_DYNAMIC_NO_PIC = NO;
				GCC_OPTIMIZATION_LEVEL = 0;
				GCC_PREPROCESSOR_DEFINITIONS = (
					"DEBUG=1",
					"$(inherited)",
				);
				GCC_SYMBOLS_PRIVATE_EXTERN = NO;
				GCC_WARN_64_TO_32_BIT_CONVERSION = YES;
				GCC_WARN_ABOUT_RETURN_TYPE = YES_ERROR;
				GCC_WARN_UNDECLARED_SELECTOR = YES;
				GCC_WARN_UNINITIALIZED_AUTOS = YES_AGGRESSIVE;
				GCC_WARN_UNUSED_FUNCTION = YES;
				INFOPLIST_FILE = "Accel Tests/Info.plist";
				IPHONEOS_DEPLOYMENT_TARGET = 8.0;
				LD_RUNPATH_SEARCH_PATHS = "$(inherited) @executable_path/Frameworks @loader_path/Frameworks";
				MTL_ENABLE_DEBUG_INFO = YES;
				PRODUCT_NAME = GLPlotExample;
				PROVISIONING_PROFILE = "";
				TEST_HOST = "$(BUILT_PRODUCTS_DIR)/GLPlotExample.app/GLPlotExample";
			};
			name = Debug;
		};
		E4B5661819C5F45600E1C3B5 /* Release */ = {
			isa = XCBuildConfiguration;
			buildSettings = {
				ALWAYS_SEARCH_USER_PATHS = NO;
				CLANG_CXX_LANGUAGE_STANDARD = "gnu++0x";
				CLANG_CXX_LIBRARY = "libc++";
				CLANG_ENABLE_MODULES = YES;
				CLANG_ENABLE_OBJC_ARC = YES;
				CLANG_WARN_BOOL_CONVERSION = YES;
				CLANG_WARN_CONSTANT_CONVERSION = YES;
				CLANG_WARN_DIRECT_OBJC_ISA_USAGE = YES_ERROR;
				CLANG_WARN_EMPTY_BODY = YES;
				CLANG_WARN_ENUM_CONVERSION = YES;
				CLANG_WARN_INT_CONVERSION = YES;
				CLANG_WARN_OBJC_ROOT_CLASS = YES_ERROR;
				CLANG_WARN_UNREACHABLE_CODE = YES;
				CLANG_WARN__DUPLICATE_METHOD_MATCH = YES;
				CODE_SIGN_IDENTITY = "iPhone Developer";
				COPY_PHASE_STRIP = YES;
				ENABLE_NS_ASSERTIONS = NO;
				ENABLE_STRICT_OBJC_MSGSEND = YES;
				FRAMEWORK_SEARCH_PATHS = (
					"$(SDKROOT)/Developer/Library/Frameworks",
					"$(inherited)",
				);
				GCC_C_LANGUAGE_STANDARD = gnu99;
				GCC_WARN_64_TO_32_BIT_CONVERSION = YES;
				GCC_WARN_ABOUT_RETURN_TYPE = YES_ERROR;
				GCC_WARN_UNDECLARED_SELECTOR = YES;
				GCC_WARN_UNINITIALIZED_AUTOS = YES_AGGRESSIVE;
				GCC_WARN_UNUSED_FUNCTION = YES;
				INFOPLIST_FILE = "Accel Tests/Info.plist";
				IPHONEOS_DEPLOYMENT_TARGET = 8.0;
				LD_RUNPATH_SEARCH_PATHS = "$(inherited) @executable_path/Frameworks @loader_path/Frameworks";
				MTL_ENABLE_DEBUG_INFO = NO;
				PRODUCT_NAME = GLPlotExample;
				PROVISIONING_PROFILE = "";
				TEST_HOST = "$(BUILT_PRODUCTS_DIR)/GLPlotExample.app/GLPlotExample";
				VALIDATE_PRODUCT = YES;
			};
			name = Release;
		};
/* End XCBuildConfiguration section */

/* Begin XCConfigurationList section */
		1D6058960D05DD3E006BFB54 /* Build configuration list for PBXNativeTarget "GLPlotExample" */ = {
			isa = XCConfigurationList;
			buildConfigurations = (
				1D6058940D05DD3E006BFB54 /* Debug */,
				1D6058950D05DD3E006BFB54 /* Release */,
			);
			defaultConfigurationIsVisible = 0;
			defaultConfigurationName = Release;
		};
		C01FCF4E08A954540054247B /* Build configuration list for PBXProject "GLPlotExample" */ = {
			isa = XCConfigurationList;
			buildConfigurations = (
				C01FCF4F08A954540054247B /* Debug */,
				C01FCF5008A954540054247B /* Release */,
			);
			defaultConfigurationIsVisible = 0;
			defaultConfigurationName = Release;
		};
		E4B5661919C5F45600E1C3B5 /* Build configuration list for PBXNativeTarget "GLPlotExample Tests" */ = {
			isa = XCConfigurationList;
			buildConfigurations = (
				E4B5661719C5F45600E1C3B5 /* Debug */,
				E4B5661819C5F45600E1C3B5 /* Release */,
			);
			defaultConfigurationIsVisible = 0;
			defaultConfigurationName = Release;
		};
/* End XCConfigurationList section */
	};
	rootObject = 29B97313FDCFA39411CA2CEA /* Project object */;
}
